{
  "name": "photoalbum",
  "version": "1.0.0",
  "lockfileVersion": 3,
  "requires": true,
  "packages": {
    "": {
      "name": "photoalbum",
      "version": "1.0.0",
      "dependencies": {
        "exiftool-vendored": "^30.3.0"
      }
    },
    "node_modules/@photostructure/tz-lookup": {
      "version": "11.2.0",
      "resolved": "https://registry.npmjs.org/@photostructure/tz-lookup/-/tz-lookup-11.2.0.tgz",
      "integrity": "sha512-DwrvodcXHNSdGdeSF7SBL5o8aBlsaeuCuG7633F04nYsL3hn5Hxe3z/5kCqxv61J1q7ggKZ27GPylR3x0cPNXQ==",
      "license": "CC0-1.0"
    },
    "node_modules/@types/luxon": {
      "version": "3.7.1",
      "resolved": "https://registry.npmjs.org/@types/luxon/-/luxon-3.7.1.tgz",
      "integrity": "sha512-H3iskjFIAn5SlJU7OuxUmTEpebK6TKB8rxZShDslBMZJ5u9S//KM1sbdAisiSrqwLQncVjnpi2OK2J51h+4lsg==",
      "license": "MIT"
    },
    "node_modules/batch-cluster": {
      "version": "14.0.0",
      "resolved": "https://registry.npmjs.org/batch-cluster/-/batch-cluster-14.0.0.tgz",
      "integrity": "sha512-tymryLKMSho+WAaYiVQCMQ9SNHOrNDKO+J8l89RyICkSwK05XknrILAPUz6ABWa8MZOoTbLpIxFCFfyBTZGrIA==",
      "license": "MIT",
      "engines": {
        "node": ">=20"
      }
    },
    "node_modules/exiftool-vendored": {
      "version": "30.3.0",
      "resolved": "https://registry.npmjs.org/exiftool-vendored/-/exiftool-vendored-30.3.0.tgz",
      "integrity": "sha512-rkuivrunbckFFvUbk7aohOAk2nAqErB0XNIYU7Bip7L4FtBDfKz0Ka24VGXHTpUpxES3SEUi21wRwP+Wp+t7yQ==",
      "license": "MIT",
      "dependencies": {
        "@photostructure/tz-lookup": "^11.2.0",
        "@types/luxon": "^3.6.2",
        "batch-cluster": "^14.0.0",
        "he": "^1.2.0",
        "luxon": "^3.6.1"
      },
      "engines": {
        "node": ">=20.0.0"
      },
      "optionalDependencies": {
        "exiftool-vendored.exe": "13.31.0",
        "exiftool-vendored.pl": "13.31.0"
      }
    },
    "node_modules/exiftool-vendored.exe": {
      "version": "13.31.0",
      "resolved": "https://registry.npmjs.org/exiftool-vendored.exe/-/exiftool-vendored.exe-13.31.0.tgz",
      "integrity": "sha512-SjL+8N1dvLwJdxj5yviboAGfiPmyD6yssnmy9aqDDkJG/ffl/BKvw45ObjVnVD679PRPXs9x2uMTz4P4eHUlEw==",
      "license": "MIT",
      "optional": true,
      "os": [
        "win32"
      ]
    },
    "node_modules/exiftool-vendored.pl": {
      "version": "13.31.0",
      "resolved": "https://registry.npmjs.org/exiftool-vendored.pl/-/exiftool-vendored.pl-13.31.0.tgz",
      "integrity": "sha512-xaCzPLKkJD50znV5KCvNQMCgknPEfHQZQeO20JPgGt2S+MLSmpCBxSr9QYe4gycQN/BZPae9B5pY4Bo86dtO/A==",
      "license": "MIT",
      "optional": true,
      "os": [
        "!win32"
      ],
      "bin": {
        "exiftool": "bin/exiftool"
      }
    },
    "node_modules/he": {
      "version": "1.2.0",
      "resolved": "https://registry.npmjs.org/he/-/he-1.2.0.tgz",
      "integrity": "sha512-F/1DnUGPopORZi0ni+CvrCgHQ5FyEAHRLSApuYWMmrbSwoN2Mn/7k+Gl38gJnR7yyDZk6WLXwiGod1JOWNDKGw==",
      "license": "MIT",
      "bin": {
        "he": "bin/he"
      }
    },
    "node_modules/luxon": {
      "version": "3.7.1",
      "resolved": "https://registry.npmjs.org/luxon/-/luxon-3.7.1.tgz",
      "integrity": "sha512-RkRWjA926cTvz5rAb1BqyWkKbbjzCGchDUIKMCUvNi17j6f6j8uHGDV82Aqcqtzd+icoYpELmG3ksgGiFNNcNg==",
      "license": "MIT",
      "engines": {
        "node": ">=12"
      }
    }
  }
}
